github.com/aquasecurity/libbpfgo v0.4.3-libbpf-1.0.1 h1:xDHt+EJM/EJt9BXS2YheZNuynT/QNdraL/LHSSpdOxg=
github.com/aquasecurity/libbpfgo v0.4.3-libbpf-1.0.1/go.mod h1:v+Nk+v6BtHLfdT4kVdsp+fYt4AeUa3cIG2P0y+nBuuY=
github.com/aquasecurity/libbpfgo/helpers v0.4.4 h1:a8RnY90e0O9Du8MIEJfHOsLb/AiLP6McKndIUfrSdZM=
github.com/aquasecurity/libbpfgo/helpers v0.4.4/go.mod h1:H72+/tC8b1bqeylP1n7c+AfC18ksK9/7Z16ECafVRhM=
github.com/spf13/pflag v1.0.5 h1:iy+VFUOCP1a+8yFto/drg2CJ5u0yRoB7fZw3DKv/JXA=
github.com/spf13/pflag v1.0.5/go.mod h1:McXfInJRrz4CZXVZOBLb0bTZqETkiAhM9Iw0y3An2Bg=
golang.org/x/sys v0.0.0-20220928140112-f11e5e49a4ec h1:BkDtF2Ih9xZ7le9ndzTA7KJow28VbQW3odyk/8drmuI=
golang.org/x/sys v0.0.0-20220928140112-f11e5e49a4ec/go.mod h1:oPkhp1MJrh7nUepCBck5+mAzfO9JrbApNNgaTdGDITg=
